
Microsoft Visual Studio Solution File, Format Version 12.00
# Visual Studio Version 17
VisualStudioVersion = 17.14.36804.6 d17.14
MinimumVisualStudioVersion = 10.0.40219.1
Project("{FAE04EC0-301F-11D3-BF4B-00C04F79EFBC}") = "MvcMovie", "MvcMovie\MvcMovie.csproj", "{F462EBD1-53E3-43EB-AD12-75205D2A39F4}"
EndProject
Global
	GlobalSection(SolutionConfigurationPlatforms) = preSolution
		Debug|Any CPU = Debug|Any CPU
		Release|Any CPU = Release|Any CPU
	EndGlobalSection
	GlobalSection(ProjectConfigurationPlatforms) = postSolution
		{F462EBD1-53E3-43EB-AD12-75205D2A39F4}.Debug|Any CPU.ActiveCfg = Debug|Any CPU
		{F462EBD1-53E3-43EB-AD12-75205D2A39F4}.Debug|Any CPU.Build.0 = Debug|Any CPU
		{F462EBD1-53E3-43EB-AD12-75205D2A39F4}.Release|Any CPU.ActiveCfg = Release|Any CPU
		{F462EBD1-53E3-43EB-AD12-75205D2A39F4}.Release|Any CPU.Build.0 = Release|Any CPU
	EndGlobalSection
	GlobalSection(SolutionProperties) = preSolution
		HideSolutionNode = FALSE
	EndGlobalSection
	GlobalSection(ExtensibilityGlobals) = postSolution
		SolutionGuid = {6980313B-96EE-48F8-8EFA-4441002C7F85}
	EndGlobalSection
EndGlobal
